
Microsoft Visual Studio Solution File, Format Version 12.00
# Visual Studio 14
VisualStudioVersion = 14.0.25420.1
MinimumVisualStudioVersion = 10.0.40219.1
Project("{FAE04EC0-301F-11D3-BF4B-00C04F79EFBC}") = "LocCapacita.Web", "LocCapacita.Web\LocCapacita.Web.csproj", "{3DEAD50E-E4D5-46CC-B0A5-AD426C43B3C4}"
EndProject
Project("{FAE04EC0-301F-11D3-BF4B-00C04F79EFBC}") = "LocCapacita.Rest", "LocCapacita.Rest\LocCapacita.Rest.csproj", "{8C571B4E-5BAD-46AE-8EAC-397BEE894ADF}"
EndProject
Project("{FAE04EC0-301F-11D3-BF4B-00C04F79EFBC}") = "LocCapacita.Application", "LocCapacita.Application\LocCapacita.Application.csproj", "{8BAEF735-9E8E-4423-81BC-A5923F479722}"
EndProject
Project("{FAE04EC0-301F-11D3-BF4B-00C04F79EFBC}") = "LocCapacita.Data", "LocCapacita.Data\LocCapacita.Data.csproj", "{119B70A8-5350-4FA7-BE8F-1BC084671519}"
EndProject
Project("{FAE04EC0-301F-11D3-BF4B-00C04F79EFBC}") = "LocCapacita.Domain", "LocCapacita.Domain\LocCapacita.Domain.csproj", "{91C58C23-8BD8-468D-99F5-867B8CD13EE2}"
EndProject
Project("{FAE04EC0-301F-11D3-BF4B-00C04F79EFBC}") = "LocCapacita.Infra.CrossCutting", "LocCapacita.Infra.CrossCutting\LocCapacita.Infra.CrossCutting.csproj", "{FA93D3BB-C36E-472F-A682-37FB5E1B28E8}"
EndProject
Project("{2150E333-8FDC-42A3-9474-1A3956D46DE8}") = "1 Presentation", "1 Presentation", "{C12B33F2-8A2B-4E81-939C-8DA7515E6FA6}"
EndProject
Project("{2150E333-8FDC-42A3-9474-1A3956D46DE8}") = "2 Service", "2 Service", "{61B5E346-CBDD-48D8-9F2F-FCD6400C9260}"
EndProject
Project("{2150E333-8FDC-42A3-9474-1A3956D46DE8}") = "3 Application", "3 Application", "{D0D1A1B7-2979-41B8-B01C-2FCA973C29BC}"
EndProject
Project("{2150E333-8FDC-42A3-9474-1A3956D46DE8}") = "4 Domain", "4 Domain", "{F968E46C-4A06-4358-9314-330F3BCEFDDE}"
EndProject
Project("{2150E333-8FDC-42A3-9474-1A3956D46DE8}") = "5 Infra", "5 Infra", "{2093F6D8-6ACB-403C-BAEB-50B48B810637}"
EndProject
Project("{2150E333-8FDC-42A3-9474-1A3956D46DE8}") = "5.1 Data", "5.1 Data", "{ADD63555-8D3F-4D66-845F-F20123D884F7}"
EndProject
Project("{2150E333-8FDC-42A3-9474-1A3956D46DE8}") = "5.2 CrossCutting", "5.2 CrossCutting", "{90FD554B-BF82-4C37-BD6E-CDD74EF4384E}"
EndProject
Global
	GlobalSection(SolutionConfigurationPlatforms) = preSolution
		Debug|Any CPU = Debug|Any CPU
		Release|Any CPU = Release|Any CPU
	EndGlobalSection
	GlobalSection(ProjectConfigurationPlatforms) = postSolution
		{3DEAD50E-E4D5-46CC-B0A5-AD426C43B3C4}.Debug|Any CPU.ActiveCfg = Debug|Any CPU
		{3DEAD50E-E4D5-46CC-B0A5-AD426C43B3C4}.Debug|Any CPU.Build.0 = Debug|Any CPU
		{3DEAD50E-E4D5-46CC-B0A5-AD426C43B3C4}.Release|Any CPU.ActiveCfg = Release|Any CPU
		{3DEAD50E-E4D5-46CC-B0A5-AD426C43B3C4}.Release|Any CPU.Build.0 = Release|Any CPU
		{8C571B4E-5BAD-46AE-8EAC-397BEE894ADF}.Debug|Any CPU.ActiveCfg = Debug|Any CPU
		{8C571B4E-5BAD-46AE-8EAC-397BEE894ADF}.Debug|Any CPU.Build.0 = Debug|Any CPU
		{8C571B4E-5BAD-46AE-8EAC-397BEE894ADF}.Release|Any CPU.ActiveCfg = Release|Any CPU
		{8C571B4E-5BAD-46AE-8EAC-397BEE894ADF}.Release|Any CPU.Build.0 = Release|Any CPU
		{8BAEF735-9E8E-4423-81BC-A5923F479722}.Debug|Any CPU.ActiveCfg = Debug|Any CPU
		{8BAEF735-9E8E-4423-81BC-A5923F479722}.Debug|Any CPU.Build.0 = Debug|Any CPU
		{8BAEF735-9E8E-4423-81BC-A5923F479722}.Release|Any CPU.ActiveCfg = Release|Any CPU
		{8BAEF735-9E8E-4423-81BC-A5923F479722}.Release|Any CPU.Build.0 = Release|Any CPU
		{119B70A8-5350-4FA7-BE8F-1BC084671519}.Debug|Any CPU.ActiveCfg = Debug|Any CPU
		{119B70A8-5350-4FA7-BE8F-1BC084671519}.Debug|Any CPU.Build.0 = Debug|Any CPU
		{119B70A8-5350-4FA7-BE8F-1BC084671519}.Release|Any CPU.ActiveCfg = Release|Any CPU
		{119B70A8-5350-4FA7-BE8F-1BC084671519}.Release|Any CPU.Build.0 = Release|Any CPU
		{91C58C23-8BD8-468D-99F5-867B8CD13EE2}.Debug|Any CPU.ActiveCfg = Debug|Any CPU
		{91C58C23-8BD8-468D-99F5-867B8CD13EE2}.Debug|Any CPU.Build.0 = Debug|Any CPU
		{91C58C23-8BD8-468D-99F5-867B8CD13EE2}.Release|Any CPU.ActiveCfg = Release|Any CPU
		{91C58C23-8BD8-468D-99F5-867B8CD13EE2}.Release|Any CPU.Build.0 = Release|Any CPU
		{FA93D3BB-C36E-472F-A682-37FB5E1B28E8}.Debug|Any CPU.ActiveCfg = Debug|Any CPU
		{FA93D3BB-C36E-472F-A682-37FB5E1B28E8}.Debug|Any CPU.Build.0 = Debug|Any CPU
		{FA93D3BB-C36E-472F-A682-37FB5E1B28E8}.Release|Any CPU.ActiveCfg = Release|Any CPU
		{FA93D3BB-C36E-472F-A682-37FB5E1B28E8}.Release|Any CPU.Build.0 = Release|Any CPU
	EndGlobalSection
	GlobalSection(SolutionProperties) = preSolution
		HideSolutionNode = FALSE
	EndGlobalSection
	GlobalSection(NestedProjects) = preSolution
		{3DEAD50E-E4D5-46CC-B0A5-AD426C43B3C4} = {C12B33F2-8A2B-4E81-939C-8DA7515E6FA6}
		{8C571B4E-5BAD-46AE-8EAC-397BEE894ADF} = {61B5E346-CBDD-48D8-9F2F-FCD6400C9260}
		{8BAEF735-9E8E-4423-81BC-A5923F479722} = {D0D1A1B7-2979-41B8-B01C-2FCA973C29BC}
		{119B70A8-5350-4FA7-BE8F-1BC084671519} = {ADD63555-8D3F-4D66-845F-F20123D884F7}
		{91C58C23-8BD8-468D-99F5-867B8CD13EE2} = {F968E46C-4A06-4358-9314-330F3BCEFDDE}
		{FA93D3BB-C36E-472F-A682-37FB5E1B28E8} = {90FD554B-BF82-4C37-BD6E-CDD74EF4384E}
		{ADD63555-8D3F-4D66-845F-F20123D884F7} = {2093F6D8-6ACB-403C-BAEB-50B48B810637}
		{90FD554B-BF82-4C37-BD6E-CDD74EF4384E} = {2093F6D8-6ACB-403C-BAEB-50B48B810637}
	EndGlobalSection
EndGlobal
